
Microsoft Visual Studio Solution File, Format Version 12.00
# Visual Studio 15
VisualStudioVersion = 15.0.28307.329
MinimumVisualStudioVersion = 10.0.40219.1
Project("{9A19103F-16F7-4668-BE54-9A1E7A4F7556}") = "DevelopmentTest", "DevelopmentTest\DevelopmentTest.csproj", "{60D04ED5-D111-4C92-BC3C-1AEDA4519A97}"
EndProject
Project("{FAE04EC0-301F-11D3-BF4B-00C04F79EFBC}") = "NUnitTest01", "NUnitTest01\NUnitTest01.csproj", "{C1A64665-6C16-4BCB-A65F-33AD76D5E0AA}"
EndProject
Global
	GlobalSection(SolutionConfigurationPlatforms) = preSolution
		Debug|Any CPU = Debug|Any CPU
		Release|Any CPU = Release|Any CPU
	EndGlobalSection
	GlobalSection(ProjectConfigurationPlatforms) = postSolution
		{60D04ED5-D111-4C92-BC3C-1AEDA4519A97}.Debug|Any CPU.ActiveCfg = Debug|Any CPU
		{60D04ED5-D111-4C92-BC3C-1AEDA4519A97}.Debug|Any CPU.Build.0 = Debug|Any CPU
		{60D04ED5-D111-4C92-BC3C-1AEDA4519A97}.Release|Any CPU.ActiveCfg = Release|Any CPU
		{60D04ED5-D111-4C92-BC3C-1AEDA4519A97}.Release|Any CPU.Build.0 = Release|Any CPU
		{C1A64665-6C16-4BCB-A65F-33AD76D5E0AA}.Debug|Any CPU.ActiveCfg = Debug|Any CPU
		{C1A64665-6C16-4BCB-A65F-33AD76D5E0AA}.Debug|Any CPU.Build.0 = Debug|Any CPU
		{C1A64665-6C16-4BCB-A65F-33AD76D5E0AA}.Release|Any CPU.ActiveCfg = Release|Any CPU
		{C1A64665-6C16-4BCB-A65F-33AD76D5E0AA}.Release|Any CPU.Build.0 = Release|Any CPU
	EndGlobalSection
	GlobalSection(SolutionProperties) = preSolution
		HideSolutionNode = FALSE
	EndGlobalSection
	GlobalSection(ExtensibilityGlobals) = postSolution
		SolutionGuid = {4541073B-2F6A-425B-80BF-D68FCAC84BEE}
	EndGlobalSection
EndGlobal
